
Microsoft Visual Studio Solution File, Format Version 12.00
# Visual Studio 15
VisualStudioVersion = 15.0.26124.0
MinimumVisualStudioVersion = 15.0.26124.0
Project("{FAE04EC0-301F-11D3-BF4B-00C04F79EFBC}") = "FastNote.Core.Extensions", "FastNote.Core.Extensions\FastNote.Core.Extensions.csproj", "{081732ED-9C73-44EC-BAF0-A78CD7E75A56}"
EndProject
Project("{FAE04EC0-301F-11D3-BF4B-00C04F79EFBC}") = "FastNote.Core.Extensions.Tests", "FastNote.Core.Extensions.Tests\FastNote.Core.Extensions.Tests.csproj", "{7B1E4F30-D697-46EE-A57F-B7C8B1953E9D}"
EndProject
Global
	GlobalSection(SolutionConfigurationPlatforms) = preSolution
		Debug|Any CPU = Debug|Any CPU
		Debug|x64 = Debug|x64
		Debug|x86 = Debug|x86
		Release|Any CPU = Release|Any CPU
		Release|x64 = Release|x64
		Release|x86 = Release|x86
	EndGlobalSection
	GlobalSection(SolutionProperties) = preSolution
		HideSolutionNode = FALSE
	EndGlobalSection
	GlobalSection(ProjectConfigurationPlatforms) = postSolution
		{081732ED-9C73-44EC-BAF0-A78CD7E75A56}.Debug|Any CPU.ActiveCfg = Debug|Any CPU
		{081732ED-9C73-44EC-BAF0-A78CD7E75A56}.Debug|Any CPU.Build.0 = Debug|Any CPU
		{081732ED-9C73-44EC-BAF0-A78CD7E75A56}.Debug|x64.ActiveCfg = Debug|Any CPU
		{081732ED-9C73-44EC-BAF0-A78CD7E75A56}.Debug|x64.Build.0 = Debug|Any CPU
		{081732ED-9C73-44EC-BAF0-A78CD7E75A56}.Debug|x86.ActiveCfg = Debug|Any CPU
		{081732ED-9C73-44EC-BAF0-A78CD7E75A56}.Debug|x86.Build.0 = Debug|Any CPU
		{081732ED-9C73-44EC-BAF0-A78CD7E75A56}.Release|Any CPU.ActiveCfg = Release|Any CPU
		{081732ED-9C73-44EC-BAF0-A78CD7E75A56}.Release|Any CPU.Build.0 = Release|Any CPU
		{081732ED-9C73-44EC-BAF0-A78CD7E75A56}.Release|x64.ActiveCfg = Release|Any CPU
		{081732ED-9C73-44EC-BAF0-A78CD7E75A56}.Release|x64.Build.0 = Release|Any CPU
		{081732ED-9C73-44EC-BAF0-A78CD7E75A56}.Release|x86.ActiveCfg = Release|Any CPU
		{081732ED-9C73-44EC-BAF0-A78CD7E75A56}.Release|x86.Build.0 = Release|Any CPU
		{7B1E4F30-D697-46EE-A57F-B7C8B1953E9D}.Debug|Any CPU.ActiveCfg = Debug|Any CPU
		{7B1E4F30-D697-46EE-A57F-B7C8B1953E9D}.Debug|Any CPU.Build.0 = Debug|Any CPU
		{7B1E4F30-D697-46EE-A57F-B7C8B1953E9D}.Debug|x64.ActiveCfg = Debug|Any CPU
		{7B1E4F30-D697-46EE-A57F-B7C8B1953E9D}.Debug|x64.Build.0 = Debug|Any CPU
		{7B1E4F30-D697-46EE-A57F-B7C8B1953E9D}.Debug|x86.ActiveCfg = Debug|Any CPU
		{7B1E4F30-D697-46EE-A57F-B7C8B1953E9D}.Debug|x86.Build.0 = Debug|Any CPU
		{7B1E4F30-D697-46EE-A57F-B7C8B1953E9D}.Release|Any CPU.ActiveCfg = Release|Any CPU
		{7B1E4F30-D697-46EE-A57F-B7C8B1953E9D}.Release|Any CPU.Build.0 = Release|Any CPU
		{7B1E4F30-D697-46EE-A57F-B7C8B1953E9D}.Release|x64.ActiveCfg = Release|Any CPU
		{7B1E4F30-D697-46EE-A57F-B7C8B1953E9D}.Release|x64.Build.0 = Release|Any CPU
		{7B1E4F30-D697-46EE-A57F-B7C8B1953E9D}.Release|x86.ActiveCfg = Release|Any CPU
		{7B1E4F30-D697-46EE-A57F-B7C8B1953E9D}.Release|x86.Build.0 = Release|Any CPU
	EndGlobalSection
EndGlobal
